
Microsoft Visual Studio Solution File, Format Version 12.00
# Visual Studio Version 16
VisualStudioVersion = 16.0.31112.23
MinimumVisualStudioVersion = 10.0.40219.1
Project("{FAE04EC0-301F-11D3-BF4B-00C04F79EFBC}") = "Mouse Factory", "Mouse Factory.csproj", "{BB9CB645-E562-4987-BA74-328DE0D6E1D6}"
EndProject
Global
	GlobalSection(SolutionConfigurationPlatforms) = preSolution
		Debug|Any CPU = Debug|Any CPU
		Release|Any CPU = Release|Any CPU
	EndGlobalSection
	GlobalSection(ProjectConfigurationPlatforms) = postSolution
		{BB9CB645-E562-4987-BA74-328DE0D6E1D6}.Debug|Any CPU.ActiveCfg = Debug|Any CPU
		{BB9CB645-E562-4987-BA74-328DE0D6E1D6}.Debug|Any CPU.Build.0 = Debug|Any CPU
		{BB9CB645-E562-4987-BA74-328DE0D6E1D6}.Release|Any CPU.ActiveCfg = Release|Any CPU
		{BB9CB645-E562-4987-BA74-328DE0D6E1D6}.Release|Any CPU.Build.0 = Release|Any CPU
	EndGlobalSection
	GlobalSection(SolutionProperties) = preSolution
		HideSolutionNode = FALSE
	EndGlobalSection
	GlobalSection(ExtensibilityGlobals) = postSolution
		SolutionGuid = {12736E69-0AF2-4226-90E6-D21E4F8A4009}
	EndGlobalSection
EndGlobal
